
Microsoft Visual Studio Solution File, Format Version 12.00
# Visual Studio 15
VisualStudioVersion = 15.0.27004.2005
MinimumVisualStudioVersion = 10.0.40219.1
Project("{9A19103F-16F7-4668-BE54-9A1E7A4F7556}") = "Timer", "Timer\Timer.csproj", "{69F099B1-6C51-4266-A764-97575AA963A4}"
EndProject
Project("{9A19103F-16F7-4668-BE54-9A1E7A4F7556}") = "BackgroundJob", "BackgroundJob\BackgroundJob.csproj", "{704D8ADF-BCDF-429C-864E-FA1399B98418}"
EndProject
Project("{9A19103F-16F7-4668-BE54-9A1E7A4F7556}") = "Retry", "Retry\Retry.csproj", "{FA1FE702-A737-4484-BA84-F13D58E7C3CD}"
EndProject
Project("{9A19103F-16F7-4668-BE54-9A1E7A4F7556}") = "Sharding", "Sharding\Sharding.csproj", "{BE8F55D5-DB3C-4ED5-AECD-83A71406C1C2}"
EndProject
Project("{FAE04EC0-301F-11D3-BF4B-00C04F79EFBC}") = "Common", "Common\Common.csproj", "{AC393620-7B05-402D-8BB1-A97B0EC74757}"
EndProject
Global
	GlobalSection(SolutionConfigurationPlatforms) = preSolution
		Debug|Any CPU = Debug|Any CPU
		Release|Any CPU = Release|Any CPU
	EndGlobalSection
	GlobalSection(ProjectConfigurationPlatforms) = postSolution
		{69F099B1-6C51-4266-A764-97575AA963A4}.Debug|Any CPU.ActiveCfg = Debug|Any CPU
		{69F099B1-6C51-4266-A764-97575AA963A4}.Debug|Any CPU.Build.0 = Debug|Any CPU
		{69F099B1-6C51-4266-A764-97575AA963A4}.Release|Any CPU.ActiveCfg = Release|Any CPU
		{69F099B1-6C51-4266-A764-97575AA963A4}.Release|Any CPU.Build.0 = Release|Any CPU
		{704D8ADF-BCDF-429C-864E-FA1399B98418}.Debug|Any CPU.ActiveCfg = Debug|Any CPU
		{704D8ADF-BCDF-429C-864E-FA1399B98418}.Debug|Any CPU.Build.0 = Debug|Any CPU
		{704D8ADF-BCDF-429C-864E-FA1399B98418}.Release|Any CPU.ActiveCfg = Release|Any CPU
		{704D8ADF-BCDF-429C-864E-FA1399B98418}.Release|Any CPU.Build.0 = Release|Any CPU
		{FA1FE702-A737-4484-BA84-F13D58E7C3CD}.Debug|Any CPU.ActiveCfg = Debug|Any CPU
		{FA1FE702-A737-4484-BA84-F13D58E7C3CD}.Debug|Any CPU.Build.0 = Debug|Any CPU
		{FA1FE702-A737-4484-BA84-F13D58E7C3CD}.Release|Any CPU.ActiveCfg = Release|Any CPU
		{FA1FE702-A737-4484-BA84-F13D58E7C3CD}.Release|Any CPU.Build.0 = Release|Any CPU
		{BE8F55D5-DB3C-4ED5-AECD-83A71406C1C2}.Debug|Any CPU.ActiveCfg = Debug|Any CPU
		{BE8F55D5-DB3C-4ED5-AECD-83A71406C1C2}.Debug|Any CPU.Build.0 = Debug|Any CPU
		{BE8F55D5-DB3C-4ED5-AECD-83A71406C1C2}.Release|Any CPU.ActiveCfg = Release|Any CPU
		{BE8F55D5-DB3C-4ED5-AECD-83A71406C1C2}.Release|Any CPU.Build.0 = Release|Any CPU
		{AC393620-7B05-402D-8BB1-A97B0EC74757}.Debug|Any CPU.ActiveCfg = Debug|Any CPU
		{AC393620-7B05-402D-8BB1-A97B0EC74757}.Debug|Any CPU.Build.0 = Debug|Any CPU
		{AC393620-7B05-402D-8BB1-A97B0EC74757}.Release|Any CPU.ActiveCfg = Release|Any CPU
		{AC393620-7B05-402D-8BB1-A97B0EC74757}.Release|Any CPU.Build.0 = Release|Any CPU
	EndGlobalSection
	GlobalSection(SolutionProperties) = preSolution
		HideSolutionNode = FALSE
	EndGlobalSection
	GlobalSection(ExtensibilityGlobals) = postSolution
		SolutionGuid = {997914E9-8F0C-4EA8-8BC6-8B72A69554B0}
	EndGlobalSection
EndGlobal
